
Microsoft Visual Studio Solution File, Format Version 12.00
# Visual Studio Version 17
VisualStudioVersion = 17.8.34525.116
MinimumVisualStudioVersion = 10.0.40219.1
Project("{FAE04EC0-301F-11D3-BF4B-00C04F79EFBC}") = "EntityFramework", "EntityFramework\EntityFramework.csproj", "{89C0B2A4-A015-4339-96D0-017E5D1A5B9E}"
EndProject
Global
	GlobalSection(SolutionConfigurationPlatforms) = preSolution
		Debug|Any CPU = Debug|Any CPU
		Release|Any CPU = Release|Any CPU
	EndGlobalSection
	GlobalSection(ProjectConfigurationPlatforms) = postSolution
		{89C0B2A4-A015-4339-96D0-017E5D1A5B9E}.Debug|Any CPU.ActiveCfg = Debug|Any CPU
		{89C0B2A4-A015-4339-96D0-017E5D1A5B9E}.Debug|Any CPU.Build.0 = Debug|Any CPU
		{89C0B2A4-A015-4339-96D0-017E5D1A5B9E}.Release|Any CPU.ActiveCfg = Release|Any CPU
		{89C0B2A4-A015-4339-96D0-017E5D1A5B9E}.Release|Any CPU.Build.0 = Release|Any CPU
	EndGlobalSection
	GlobalSection(SolutionProperties) = preSolution
		HideSolutionNode = FALSE
	EndGlobalSection
	GlobalSection(ExtensibilityGlobals) = postSolution
		SolutionGuid = {1F3A297C-0C99-450A-9E93-D4AD5BE15B5E}
	EndGlobalSection
EndGlobal
